
Microsoft Visual Studio Solution File, Format Version 12.00
# Visual Studio Version 17
VisualStudioVersion = 17.10.35013.160
MinimumVisualStudioVersion = 10.0.40219.1
Project("{9A19103F-16F7-4668-BE54-9A1E7A4F7556}") = "Group8_WPF", "Group8_WPF\Group8_WPF.csproj", "{2E9CACC4-8D29-451B-BB48-599600A85C7B}"
EndProject
Project("{9A19103F-16F7-4668-BE54-9A1E7A4F7556}") = "BusinessObjects", "BusinessObjects\BusinessObjects.csproj", "{7F75C2C5-C3D9-48CE-ABB7-B510D41999EA}"
EndProject
Project("{FAE04EC0-301F-11D3-BF4B-00C04F79EFBC}") = "DataAccessLayers", "DataAccessLayers\DataAccessLayers.csproj", "{CAA81709-17E0-4A9A-A232-F72C894FB7F0}"
EndProject
Project("{FAE04EC0-301F-11D3-BF4B-00C04F79EFBC}") = "Repositories", "Repositories\Repositories.csproj", "{C0C2E898-387F-4B62-AF59-A2BB469D955D}"
EndProject
Project("{FAE04EC0-301F-11D3-BF4B-00C04F79EFBC}") = "Services", "Services\Services.csproj", "{673A259F-2E19-4AF4-9063-C3F8346CE24E}"
EndProject
Global
	GlobalSection(SolutionConfigurationPlatforms) = preSolution
		Debug|Any CPU = Debug|Any CPU
		Release|Any CPU = Release|Any CPU
	EndGlobalSection
	GlobalSection(ProjectConfigurationPlatforms) = postSolution
		{2E9CACC4-8D29-451B-BB48-599600A85C7B}.Debug|Any CPU.ActiveCfg = Debug|Any CPU
		{2E9CACC4-8D29-451B-BB48-599600A85C7B}.Debug|Any CPU.Build.0 = Debug|Any CPU
		{2E9CACC4-8D29-451B-BB48-599600A85C7B}.Release|Any CPU.ActiveCfg = Release|Any CPU
		{2E9CACC4-8D29-451B-BB48-599600A85C7B}.Release|Any CPU.Build.0 = Release|Any CPU
		{7F75C2C5-C3D9-48CE-ABB7-B510D41999EA}.Debug|Any CPU.ActiveCfg = Debug|Any CPU
		{7F75C2C5-C3D9-48CE-ABB7-B510D41999EA}.Debug|Any CPU.Build.0 = Debug|Any CPU
		{7F75C2C5-C3D9-48CE-ABB7-B510D41999EA}.Release|Any CPU.ActiveCfg = Release|Any CPU
		{7F75C2C5-C3D9-48CE-ABB7-B510D41999EA}.Release|Any CPU.Build.0 = Release|Any CPU
		{CAA81709-17E0-4A9A-A232-F72C894FB7F0}.Debug|Any CPU.ActiveCfg = Debug|Any CPU
		{CAA81709-17E0-4A9A-A232-F72C894FB7F0}.Debug|Any CPU.Build.0 = Debug|Any CPU
		{CAA81709-17E0-4A9A-A232-F72C894FB7F0}.Release|Any CPU.ActiveCfg = Release|Any CPU
		{CAA81709-17E0-4A9A-A232-F72C894FB7F0}.Release|Any CPU.Build.0 = Release|Any CPU
		{C0C2E898-387F-4B62-AF59-A2BB469D955D}.Debug|Any CPU.ActiveCfg = Debug|Any CPU
		{C0C2E898-387F-4B62-AF59-A2BB469D955D}.Debug|Any CPU.Build.0 = Debug|Any CPU
		{C0C2E898-387F-4B62-AF59-A2BB469D955D}.Release|Any CPU.ActiveCfg = Release|Any CPU
		{C0C2E898-387F-4B62-AF59-A2BB469D955D}.Release|Any CPU.Build.0 = Release|Any CPU
		{673A259F-2E19-4AF4-9063-C3F8346CE24E}.Debug|Any CPU.ActiveCfg = Debug|Any CPU
		{673A259F-2E19-4AF4-9063-C3F8346CE24E}.Debug|Any CPU.Build.0 = Debug|Any CPU
		{673A259F-2E19-4AF4-9063-C3F8346CE24E}.Release|Any CPU.ActiveCfg = Release|Any CPU
		{673A259F-2E19-4AF4-9063-C3F8346CE24E}.Release|Any CPU.Build.0 = Release|Any CPU
	EndGlobalSection
	GlobalSection(SolutionProperties) = preSolution
		HideSolutionNode = FALSE
	EndGlobalSection
	GlobalSection(ExtensibilityGlobals) = postSolution
		SolutionGuid = {68FA10F8-A71E-4007-9C6B-90757C2B6CF6}
	EndGlobalSection
EndGlobal
